
Microsoft Visual Studio Solution File, Format Version 12.00
# Visual Studio 15
VisualStudioVersion = 15.0.27703.2042
MinimumVisualStudioVersion = 10.0.40219.1
Project("{FAE04EC0-301F-11D3-BF4B-00C04F79EFBC}") = "cmep", "cmep\cmep.csproj", "{F6E199F2-1FED-4AA8-96AF-C60AE80A6F7F}"
EndProject
Global
	GlobalSection(SolutionConfigurationPlatforms) = preSolution
		Debug|Any CPU = Debug|Any CPU
		Release|Any CPU = Release|Any CPU
	EndGlobalSection
	GlobalSection(ProjectConfigurationPlatforms) = postSolution
		{F6E199F2-1FED-4AA8-96AF-C60AE80A6F7F}.Debug|Any CPU.ActiveCfg = Debug|Any CPU
		{F6E199F2-1FED-4AA8-96AF-C60AE80A6F7F}.Debug|Any CPU.Build.0 = Debug|Any CPU
		{F6E199F2-1FED-4AA8-96AF-C60AE80A6F7F}.Release|Any CPU.ActiveCfg = Release|Any CPU
		{F6E199F2-1FED-4AA8-96AF-C60AE80A6F7F}.Release|Any CPU.Build.0 = Release|Any CPU
	EndGlobalSection
	GlobalSection(SolutionProperties) = preSolution
		HideSolutionNode = FALSE
	EndGlobalSection
	GlobalSection(ExtensibilityGlobals) = postSolution
		SolutionGuid = {48C85CCC-72E5-41DB-A9F0-CD685F437B3D}
	EndGlobalSection
EndGlobal
